// !$*UTF8*$!
{
	archiveVersion = 1;
	classes = {
	};
	objectVersion = 77;
	objects = {

/* Begin PBXBuildFile section */
		FA07F3172EFAE30500B1633A /* LoginView.swift in Sources */ = {isa = PBXBuildFile; fileRef = FA07F3162EFAE30100B1633A /* LoginView.swift */; };
		FA07F31A2EFCCD7100B1633A /* AuthenticationClient.swift in Sources */ = {isa = PBXBuildFile; fileRef = FA07F3192EFCCD5F00B1633A /* AuthenticationClient.swift */; };
		FA07F31C2EFCDC7200B1633A /* TwoFactorCore.swift in Sources */ = {isa = PBXBuildFile; fileRef = FA07F31B2EFCDC6900B1633A /* TwoFactorCore.swift */; };
		FA07F31E2F00CFA500B1633A /* TwoFactorView.swift in Sources */ = {isa = PBXBuildFile; fileRef = FA07F31D2F00CFA100B1633A /* TwoFactorView.swift */; };
		FA07F3212F00DCED00B1633A /* NewGame.swift in Sources */ = {isa = PBXBuildFile; fileRef = FA07F3202F00DCE600B1633A /* NewGame.swift */; };
		FA07F3232F00DD7900B1633A /* Game.swift in Sources */ = {isa = PBXBuildFile; fileRef = FA07F3222F00DD7500B1633A /* Game.swift */; };
		FA07F3252F00FFD800B1633A /* NewGameView.swift in Sources */ = {isa = PBXBuildFile; fileRef = FA07F3242F00FFD400B1633A /* NewGameView.swift */; };
		FA07F3272F0104A600B1633A /* GameView.swift in Sources */ = {isa = PBXBuildFile; fileRef = FA07F3262F0104A400B1633A /* GameView.swift */; };
		FA07F3292F01070F00B1633A /* Three.swift in Sources */ = {isa = PBXBuildFile; fileRef = FA07F3282F01070C00B1633A /* Three.swift */; };
		FA07F32E2F03964700B1633A /* TicTacToeFeatureTests.swift in Sources */ = {isa = PBXBuildFile; fileRef = FA07F32C2F03964700B1633A /* TicTacToeFeatureTests.swift */; };
		FA28758B2EED53B5009CB091 /* SyncUpsListTests.swift in Sources */ = {isa = PBXBuildFile; fileRef = FA28758A2EED53B5009CB091 /* SyncUpsListTests.swift */; };
		FA28758D2EF01767009CB091 /* SyncUpDetailTests.swift in Sources */ = {isa = PBXBuildFile; fileRef = FA28758C2EF01767009CB091 /* SyncUpDetailTests.swift */; };
		FA2B5CA52EB85D8A006CCAB8 /* Assets.xcassets in Resources */ = {isa = PBXBuildFile; fileRef = FA2B5C9F2EB85D8A006CCAB8 /* Assets.xcassets */; };
		FA2B5CA62EB85D8A006CCAB8 /* ContentView.swift in Sources */ = {isa = PBXBuildFile; fileRef = FA2B5CA02EB85D8A006CCAB8 /* ContentView.swift */; };
		FA2B5CA72EB85D8A006CCAB8 /* CounterView.swift in Sources */ = {isa = PBXBuildFile; fileRef = FA2B5CA12EB85D8A006CCAB8 /* CounterView.swift */; };
		FA2B5CA92EB85D8A006CCAB8 /* TCASampleApp.swift in Sources */ = {isa = PBXBuildFile; fileRef = FA2B5CA32EB85D8A006CCAB8 /* TCASampleApp.swift */; };
		FA33012A2EE40C4B0059421A /* OpenSettings.swift in Sources */ = {isa = PBXBuildFile; fileRef = FA3301292EE40C450059421A /* OpenSettings.swift */; };
		FA3301372EE435A30059421A /* SyncUpTests.swift in Sources */ = {isa = PBXBuildFile; fileRef = FA3301352EE435A30059421A /* SyncUpTests.swift */; };
		FA512AA62ED5B9FD0060B995 /* Meeting.swift in Sources */ = {isa = PBXBuildFile; fileRef = FA512AA52ED5B9EE0060B995 /* Meeting.swift */; };
		FA512AA82ED5E5E10060B995 /* RecordMeeting.swift in Sources */ = {isa = PBXBuildFile; fileRef = FA512AA72ED5E5DC0060B995 /* RecordMeeting.swift */; };
		FA7403432EF3761C00B37EA8 /* RecordMeetingTests.swift in Sources */ = {isa = PBXBuildFile; fileRef = FA7403422EF3761C00B37EA8 /* RecordMeetingTests.swift */; };
		FAB31A752EBF36D500837A99 /* Todos.swift in Sources */ = {isa = PBXBuildFile; fileRef = FAB31A742EBF36D100837A99 /* Todos.swift */; };
		FAB31A7A2EBF385400837A99 /* Todo.swift in Sources */ = {isa = PBXBuildFile; fileRef = FAB31A792EBF385100837A99 /* Todo.swift */; };
		FAB31A7F2EBF41A300837A99 /* ComposableArchitecture in Frameworks */ = {isa = PBXBuildFile; productRef = FAB31A7E2EBF41A300837A99 /* ComposableArchitecture */; };
		FACB7FE52EC9886B00457807 /* TodosTests.swift in Sources */ = {isa = PBXBuildFile; fileRef = FACB7FE32EC9886B00457807 /* TodosTests.swift */; };
		FACB7FE82EC9B4C800457807 /* SyncUp.swift in Sources */ = {isa = PBXBuildFile; fileRef = FACB7FE72EC9B49600457807 /* SyncUp.swift */; };
		FACB7FEA2EC9B5E300457807 /* SyncUpsList.swift in Sources */ = {isa = PBXBuildFile; fileRef = FACB7FE92EC9B5D900457807 /* SyncUpsList.swift */; };
		FACB7FEC2EC9BE0D00457807 /* SyncUpDetail.swift in Sources */ = {isa = PBXBuildFile; fileRef = FACB7FEB2EC9BE0600457807 /* SyncUpDetail.swift */; };
		FACB7FEE2EC9BF1000457807 /* Models.swift in Sources */ = {isa = PBXBuildFile; fileRef = FACB7FED2EC9BF0C00457807 /* Models.swift */; };
		FACB7FF22EC9C03700457807 /* Tagged in Frameworks */ = {isa = PBXBuildFile; productRef = FACB7FF12EC9C03700457807 /* Tagged */; };
		FACB7FF82EC9EE4200457807 /* Root.swift in Sources */ = {isa = PBXBuildFile; fileRef = FACB7FF72EC9EE3F00457807 /* Root.swift */; };
		FACB7FFA2EC9F0FE00457807 /* Detail.swift in Sources */ = {isa = PBXBuildFile; fileRef = FACB7FF92EC9F0FC00457807 /* Detail.swift */; };
		FACB7FFC2ECB682800457807 /* Settings.swift in Sources */ = {isa = PBXBuildFile; fileRef = FACB7FFB2ECB682500457807 /* Settings.swift */; };
		FAE700DB2EF7A81500334992 /* Search.swift in Sources */ = {isa = PBXBuildFile; fileRef = FAE700DA2EF7A80E00334992 /* Search.swift */; };
		FAE700DD2EF7AFC000334992 /* WeatherClient.swift in Sources */ = {isa = PBXBuildFile; fileRef = FAE700DC2EF7AFB100334992 /* WeatherClient.swift */; };
		FAE700E02EF7E94C00334992 /* TicTacToeAppView.swift in Sources */ = {isa = PBXBuildFile; fileRef = FAE700DF2EF7E93E00334992 /* TicTacToeAppView.swift */; };
		FAE700E22EF7E95D00334992 /* TicTacToeFeature.swift in Sources */ = {isa = PBXBuildFile; fileRef = FAE700E12EF7E95300334992 /* TicTacToeFeature.swift */; };
		FAE700E52EF7EA8100334992 /* Login.swift in Sources */ = {isa = PBXBuildFile; fileRef = FAE700E42EF7EA7E00334992 /* Login.swift */; };
		FAEE47EB2ED1DE9E00FBD3E0 /* SyncUpForm.swift in Sources */ = {isa = PBXBuildFile; fileRef = FAEE47EA2ED1DE9300FBD3E0 /* SyncUpForm.swift */; };
		FAEE47EE2ED4569900FBD3E0 /* SpeechRecognizer.swift in Sources */ = {isa = PBXBuildFile; fileRef = FAEE47ED2ED4569300FBD3E0 /* SpeechRecognizer.swift */; };
		FAF54C8C2F0794C5001558E0 /* LoginTests.swift in Sources */ = {isa = PBXBuildFile; fileRef = FAF54C8B2F0794C5001558E0 /* LoginTests.swift */; };
		FAF54C8E2F079D9D001558E0 /* TwoFactorTests.swift in Sources */ = {isa = PBXBuildFile; fileRef = FAF54C8D2F079D9D001558E0 /* TwoFactorTests.swift */; };
		FAF54C902F07CFAB001558E0 /* NewGameTests.swift in Sources */ = {isa = PBXBuildFile; fileRef = FAF54C8F2F07CFAB001558E0 /* NewGameTests.swift */; };
		FAF54C922F07D68C001558E0 /* GameTests.swift in Sources */ = {isa = PBXBuildFile; fileRef = FAF54C912F07D68C001558E0 /* GameTests.swift */; };
		FAFA30352EF29301007550A7 /* SyncUpFormTests.swift in Sources */ = {isa = PBXBuildFile; fileRef = FAFA30342EF29301007550A7 /* SyncUpFormTests.swift */; };
/* End PBXBuildFile section */

/* Begin PBXContainerItemProxy section */
		FAB31A882EC0904200837A99 /* PBXContainerItemProxy */ = {
			isa = PBXContainerItemProxy;
			containerPortal = FA2E5B642EB453700094C2AC /* Project object */;
			proxyType = 1;
			remoteGlobalIDString = FA2E5B6B2EB453700094C2AC;
			remoteInfo = TCASample;
		};
/* End PBXContainerItemProxy section */

/* Begin PBXFileReference section */
		FA07F3162EFAE30100B1633A /* LoginView.swift */ = {isa = PBXFileReference; lastKnownFileType = sourcecode.swift; path = LoginView.swift; sourceTree = "<group>"; };
		FA07F3192EFCCD5F00B1633A /* AuthenticationClient.swift */ = {isa = PBXFileReference; lastKnownFileType = sourcecode.swift; path = AuthenticationClient.swift; sourceTree = "<group>"; };
		FA07F31B2EFCDC6900B1633A /* TwoFactorCore.swift */ = {isa = PBXFileReference; lastKnownFileType = sourcecode.swift; path = TwoFactorCore.swift; sourceTree = "<group>"; };
		FA07F31D2F00CFA100B1633A /* TwoFactorView.swift */ = {isa = PBXFileReference; lastKnownFileType = sourcecode.swift; path = TwoFactorView.swift; sourceTree = "<group>"; };
		FA07F3202F00DCE600B1633A /* NewGame.swift */ = {isa = PBXFileReference; lastKnownFileType = sourcecode.swift; path = NewGame.swift; sourceTree = "<group>"; };
		FA07F3222F00DD7500B1633A /* Game.swift */ = {isa = PBXFileReference; lastKnownFileType = sourcecode.swift; path = Game.swift; sourceTree = "<group>"; };
		FA07F3242F00FFD400B1633A /* NewGameView.swift */ = {isa = PBXFileReference; lastKnownFileType = sourcecode.swift; path = NewGameView.swift; sourceTree = "<group>"; };
		FA07F3262F0104A400B1633A /* GameView.swift */ = {isa = PBXFileReference; lastKnownFileType = sourcecode.swift; path = GameView.swift; sourceTree = "<group>"; };
		FA07F3282F01070C00B1633A /* Three.swift */ = {isa = PBXFileReference; lastKnownFileType = sourcecode.swift; path = Three.swift; sourceTree = "<group>"; };
		FA07F32C2F03964700B1633A /* TicTacToeFeatureTests.swift */ = {isa = PBXFileReference; lastKnownFileType = sourcecode.swift; path = TicTacToeFeatureTests.swift; sourceTree = "<group>"; };
		FA28758A2EED53B5009CB091 /* SyncUpsListTests.swift */ = {isa = PBXFileReference; lastKnownFileType = sourcecode.swift; path = SyncUpsListTests.swift; sourceTree = "<group>"; };
		FA28758C2EF01767009CB091 /* SyncUpDetailTests.swift */ = {isa = PBXFileReference; lastKnownFileType = sourcecode.swift; path = SyncUpDetailTests.swift; sourceTree = "<group>"; };
		FA2B5C9F2EB85D8A006CCAB8 /* Assets.xcassets */ = {isa = PBXFileReference; lastKnownFileType = folder.assetcatalog; path = Assets.xcassets; sourceTree = "<group>"; };
		FA2B5CA02EB85D8A006CCAB8 /* ContentView.swift */ = {isa = PBXFileReference; lastKnownFileType = sourcecode.swift; path = ContentView.swift; sourceTree = "<group>"; };
		FA2B5CA12EB85D8A006CCAB8 /* CounterView.swift */ = {isa = PBXFileReference; lastKnownFileType = sourcecode.swift; path = CounterView.swift; sourceTree = "<group>"; };
		FA2B5CA32EB85D8A006CCAB8 /* TCASampleApp.swift */ = {isa = PBXFileReference; lastKnownFileType = sourcecode.swift; path = TCASampleApp.swift; sourceTree = "<group>"; };
		FA2E5B6C2EB453700094C2AC /* TCASample.app */ = {isa = PBXFileReference; explicitFileType = wrapper.application; includeInIndex = 0; path = TCASample.app; sourceTree = BUILT_PRODUCTS_DIR; };
		FA3301292EE40C450059421A /* OpenSettings.swift */ = {isa = PBXFileReference; lastKnownFileType = sourcecode.swift; path = OpenSettings.swift; sourceTree = "<group>"; };
		FA3301352EE435A30059421A /* SyncUpTests.swift */ = {isa = PBXFileReference; lastKnownFileType = sourcecode.swift; path = SyncUpTests.swift; sourceTree = "<group>"; };
		FA512AA52ED5B9EE0060B995 /* Meeting.swift */ = {isa = PBXFileReference; lastKnownFileType = sourcecode.swift; path = Meeting.swift; sourceTree = "<group>"; };
		FA512AA72ED5E5DC0060B995 /* RecordMeeting.swift */ = {isa = PBXFileReference; lastKnownFileType = sourcecode.swift; path = RecordMeeting.swift; sourceTree = "<group>"; };
		FA7403422EF3761C00B37EA8 /* RecordMeetingTests.swift */ = {isa = PBXFileReference; lastKnownFileType = sourcecode.swift; path = RecordMeetingTests.swift; sourceTree = "<group>"; };
		FAB31A742EBF36D100837A99 /* Todos.swift */ = {isa = PBXFileReference; lastKnownFileType = sourcecode.swift; path = Todos.swift; sourceTree = "<group>"; };
		FAB31A792EBF385100837A99 /* Todo.swift */ = {isa = PBXFileReference; lastKnownFileType = sourcecode.swift; path = Todo.swift; sourceTree = "<group>"; };
		FAB31A842EC0904200837A99 /* TCASampleTests.xctest */ = {isa = PBXFileReference; explicitFileType = wrapper.cfbundle; includeInIndex = 0; path = TCASampleTests.xctest; sourceTree = BUILT_PRODUCTS_DIR; };
		FACB7FE32EC9886B00457807 /* TodosTests.swift */ = {isa = PBXFileReference; lastKnownFileType = sourcecode.swift; path = TodosTests.swift; sourceTree = "<group>"; };
		FACB7FE72EC9B49600457807 /* SyncUp.swift */ = {isa = PBXFileReference; lastKnownFileType = sourcecode.swift; path = SyncUp.swift; sourceTree = "<group>"; };
		FACB7FE92EC9B5D900457807 /* SyncUpsList.swift */ = {isa = PBXFileReference; lastKnownFileType = sourcecode.swift; path = SyncUpsList.swift; sourceTree = "<group>"; };
		FACB7FEB2EC9BE0600457807 /* SyncUpDetail.swift */ = {isa = PBXFileReference; lastKnownFileType = sourcecode.swift; path = SyncUpDetail.swift; sourceTree = "<group>"; };
		FACB7FED2EC9BF0C00457807 /* Models.swift */ = {isa = PBXFileReference; lastKnownFileType = sourcecode.swift; path = Models.swift; sourceTree = "<group>"; };
		FACB7FF72EC9EE3F00457807 /* Root.swift */ = {isa = PBXFileReference; lastKnownFileType = sourcecode.swift; path = Root.swift; sourceTree = "<group>"; };
		FACB7FF92EC9F0FC00457807 /* Detail.swift */ = {isa = PBXFileReference; lastKnownFileType = sourcecode.swift; path = Detail.swift; sourceTree = "<group>"; };
		FACB7FFB2ECB682500457807 /* Settings.swift */ = {isa = PBXFileReference; lastKnownFileType = sourcecode.swift; path = Settings.swift; sourceTree = "<group>"; };
		FAE700DA2EF7A80E00334992 /* Search.swift */ = {isa = PBXFileReference; lastKnownFileType = sourcecode.swift; path = Search.swift; sourceTree = "<group>"; };
		FAE700DC2EF7AFB100334992 /* WeatherClient.swift */ = {isa = PBXFileReference; lastKnownFileType = sourcecode.swift; path = WeatherClient.swift; sourceTree = "<group>"; };
		FAE700DF2EF7E93E00334992 /* TicTacToeAppView.swift */ = {isa = PBXFileReference; lastKnownFileType = sourcecode.swift; path = TicTacToeAppView.swift; sourceTree = "<group>"; };
		FAE700E12EF7E95300334992 /* TicTacToeFeature.swift */ = {isa = PBXFileReference; lastKnownFileType = sourcecode.swift; path = TicTacToeFeature.swift; sourceTree = "<group>"; };
		FAE700E42EF7EA7E00334992 /* Login.swift */ = {isa = PBXFileReference; lastKnownFileType = sourcecode.swift; path = Login.swift; sourceTree = "<group>"; };
		FAEE47EA2ED1DE9300FBD3E0 /* SyncUpForm.swift */ = {isa = PBXFileReference; lastKnownFileType = sourcecode.swift; path = SyncUpForm.swift; sourceTree = "<group>"; };
		FAEE47ED2ED4569300FBD3E0 /* SpeechRecognizer.swift */ = {isa = PBXFileReference; lastKnownFileType = sourcecode.swift; path = SpeechRecognizer.swift; sourceTree = "<group>"; };
		FAF54C8B2F0794C5001558E0 /* LoginTests.swift */ = {isa = PBXFileReference; lastKnownFileType = sourcecode.swift; path = LoginTests.swift; sourceTree = "<group>"; };
		FAF54C8D2F079D9D001558E0 /* TwoFactorTests.swift */ = {isa = PBXFileReference; lastKnownFileType = sourcecode.swift; path = TwoFactorTests.swift; sourceTree = "<group>"; };
		FAF54C8F2F07CFAB001558E0 /* NewGameTests.swift */ = {isa = PBXFileReference; lastKnownFileType = sourcecode.swift; path = NewGameTests.swift; sourceTree = "<group>"; };
		FAF54C912F07D68C001558E0 /* GameTests.swift */ = {isa = PBXFileReference; lastKnownFileType = sourcecode.swift; path = GameTests.swift; sourceTree = "<group>"; };
		FAFA30342EF29301007550A7 /* SyncUpFormTests.swift */ = {isa = PBXFileReference; lastKnownFileType = sourcecode.swift; path = SyncUpFormTests.swift; sourceTree = "<group>"; };
/* End PBXFileReference section */

/* Begin PBXFrameworksBuildPhase section */
		FA2E5B692EB453700094C2AC /* Frameworks */ = {
			isa = PBXFrameworksBuildPhase;
			buildActionMask = 2147483647;
			files = (
				FACB7FF22EC9C03700457807 /* Tagged in Frameworks */,
				FAB31A7F2EBF41A300837A99 /* ComposableArchitecture in Frameworks */,
			);
			runOnlyForDeploymentPostprocessing = 0;
		};
		FAB31A812EC0904200837A99 /* Frameworks */ = {
			isa = PBXFrameworksBuildPhase;
			buildActionMask = 2147483647;
			files = (
			);
			runOnlyForDeploymentPostprocessing = 0;
		};
/* End PBXFrameworksBuildPhase section */

/* Begin PBXGroup section */
		FA07F3182EFCCCD100B1633A /* Network */ = {
			isa = PBXGroup;
			children = (
				FA07F3192EFCCD5F00B1633A /* AuthenticationClient.swift */,
			);
			path = Network;
			sourceTree = "<group>";
		};
		FA07F31F2F00DC9700B1633A /* Game */ = {
			isa = PBXGroup;
			children = (
				FA07F3282F01070C00B1633A /* Three.swift */,
				FA07F3222F00DD7500B1633A /* Game.swift */,
				FA07F3262F0104A400B1633A /* GameView.swift */,
				FA07F3202F00DCE600B1633A /* NewGame.swift */,
				FA07F3242F00FFD400B1633A /* NewGameView.swift */,
			);
			path = Game;
			sourceTree = "<group>";
		};
		FA07F32B2F03955700B1633A /* TicTacToeTests */ = {
			isa = PBXGroup;
			children = (
				FA07F32C2F03964700B1633A /* TicTacToeFeatureTests.swift */,
				FAF54C8B2F0794C5001558E0 /* LoginTests.swift */,
				FAF54C8D2F079D9D001558E0 /* TwoFactorTests.swift */,
				FAF54C8F2F07CFAB001558E0 /* NewGameTests.swift */,
				FAF54C912F07D68C001558E0 /* GameTests.swift */,
			);
			path = TicTacToeTests;
			sourceTree = "<group>";
		};
		FA2B5CB72EB860A4006CCAB8 /* WeatherSearch */ = {
			isa = PBXGroup;
			children = (
				FAE700DA2EF7A80E00334992 /* Search.swift */,
				FAE700DC2EF7AFB100334992 /* WeatherClient.swift */,
			);
			path = WeatherSearch;
			sourceTree = "<group>";
		};
		FA2E5B632EB453700094C2AC = {
			isa = PBXGroup;
			children = (
				FAB31A732EBF366100837A99 /* Samples */,
				FA2E5B6D2EB453700094C2AC /* Products */,
				FA2B5C9F2EB85D8A006CCAB8 /* Assets.xcassets */,
				FA2B5CA32EB85D8A006CCAB8 /* TCASampleApp.swift */,
				FACB7FF02EC9C03700457807 /* Frameworks */,
			);
			sourceTree = "<group>";
		};
		FA2E5B6D2EB453700094C2AC /* Products */ = {
			isa = PBXGroup;
			children = (
				FA2E5B6C2EB453700094C2AC /* TCASample.app */,
				FAB31A842EC0904200837A99 /* TCASampleTests.xctest */,
			);
			name = Products;
			sourceTree = "<group>";
		};
		FA33012F2EE42D530059421A /* SyncUpsTests */ = {
			isa = PBXGroup;
			children = (
				FA3301352EE435A30059421A /* SyncUpTests.swift */,
				FA28758A2EED53B5009CB091 /* SyncUpsListTests.swift */,
				FA28758C2EF01767009CB091 /* SyncUpDetailTests.swift */,
				FAFA30342EF29301007550A7 /* SyncUpFormTests.swift */,
				FA7403422EF3761C00B37EA8 /* RecordMeetingTests.swift */,
			);
			path = SyncUpsTests;
			sourceTree = "<group>";
		};
		FAB31A722EBF365100837A99 /* Todo */ = {
			isa = PBXGroup;
			children = (
				FAB31A792EBF385100837A99 /* Todo.swift */,
				FAB31A742EBF36D100837A99 /* Todos.swift */,
				FACB7FE32EC9886B00457807 /* TodosTests.swift */,
			);
			path = Todo;
			sourceTree = "<group>";
		};
		FAB31A732EBF366100837A99 /* Samples */ = {
			isa = PBXGroup;
			children = (
				FAE700DE2EF7E91F00334992 /* TicTacToe */,
				FACB7FF42EC9EDBB00457807 /* SampleNavigationStack */,
				FACB7FE62EC9B15200457807 /* SyncUps */,
				FAB31A762EBF372400837A99 /* Counter */,
				FA2B5CB72EB860A4006CCAB8 /* WeatherSearch */,
				FAB31A722EBF365100837A99 /* Todo */,
			);
			path = Samples;
			sourceTree = "<group>";
		};
		FAB31A762EBF372400837A99 /* Counter */ = {
			isa = PBXGroup;
			children = (
				FA2B5CA02EB85D8A006CCAB8 /* ContentView.swift */,
				FA2B5CA12EB85D8A006CCAB8 /* CounterView.swift */,
			);
			path = Counter;
			sourceTree = "<group>";
		};
		FACB7FE62EC9B15200457807 /* SyncUps */ = {
			isa = PBXGroup;
			children = (
				FA33012F2EE42D530059421A /* SyncUpsTests */,
				FAEE47EC2ED4568400FBD3E0 /* Dependencies */,
				FACB7FE72EC9B49600457807 /* SyncUp.swift */,
				FACB7FE92EC9B5D900457807 /* SyncUpsList.swift */,
				FAEE47EA2ED1DE9300FBD3E0 /* SyncUpForm.swift */,
				FACB7FEB2EC9BE0600457807 /* SyncUpDetail.swift */,
				FACB7FED2EC9BF0C00457807 /* Models.swift */,
				FA512AA52ED5B9EE0060B995 /* Meeting.swift */,
				FA512AA72ED5E5DC0060B995 /* RecordMeeting.swift */,
			);
			path = SyncUps;
			sourceTree = "<group>";
		};
		FACB7FF02EC9C03700457807 /* Frameworks */ = {
			isa = PBXGroup;
			children = (
			);
			name = Frameworks;
			sourceTree = "<group>";
		};
		FACB7FF42EC9EDBB00457807 /* SampleNavigationStack */ = {
			isa = PBXGroup;
			children = (
				FACB7FF72EC9EE3F00457807 /* Root.swift */,
				FACB7FF92EC9F0FC00457807 /* Detail.swift */,
				FACB7FFB2ECB682500457807 /* Settings.swift */,
			);
			path = SampleNavigationStack;
			sourceTree = "<group>";
		};
		FAE700DE2EF7E91F00334992 /* TicTacToe */ = {
			isa = PBXGroup;
			children = (
				FA07F32B2F03955700B1633A /* TicTacToeTests */,
				FAE700E32EF7EA7600334992 /* Login */,
				FA07F31F2F00DC9700B1633A /* Game */,
				FAE700E12EF7E95300334992 /* TicTacToeFeature.swift */,
				FAE700DF2EF7E93E00334992 /* TicTacToeAppView.swift */,
			);
			path = TicTacToe;
			sourceTree = "<group>";
		};
		FAE700E32EF7EA7600334992 /* Login */ = {
			isa = PBXGroup;
			children = (
				FA07F3182EFCCCD100B1633A /* Network */,
				FAE700E42EF7EA7E00334992 /* Login.swift */,
				FA07F3162EFAE30100B1633A /* LoginView.swift */,
				FA07F31B2EFCDC6900B1633A /* TwoFactorCore.swift */,
				FA07F31D2F00CFA100B1633A /* TwoFactorView.swift */,
			);
			path = Login;
			sourceTree = "<group>";
		};
		FAEE47EC2ED4568400FBD3E0 /* Dependencies */ = {
			isa = PBXGroup;
			children = (
				FA3301292EE40C450059421A /* OpenSettings.swift */,
				FAEE47ED2ED4569300FBD3E0 /* SpeechRecognizer.swift */,
			);
			path = Dependencies;
			sourceTree = "<group>";
		};
/* End PBXGroup section */

/* Begin PBXNativeTarget section */
		FA2E5B6B2EB453700094C2AC /* TCASample */ = {
			isa = PBXNativeTarget;
			buildConfigurationList = FA2E5B772EB453720094C2AC /* Build configuration list for PBXNativeTarget "TCASample" */;
			buildPhases = (
				FA2E5B682EB453700094C2AC /* Sources */,
				FA2E5B692EB453700094C2AC /* Frameworks */,
				FA2E5B6A2EB453700094C2AC /* Resources */,
			);
			buildRules = (
			);
			dependencies = (
			);
			name = TCASample;
			packageProductDependencies = (
				FAB31A7E2EBF41A300837A99 /* ComposableArchitecture */,
				FACB7FF12EC9C03700457807 /* Tagged */,
			);
			productName = TCASample;
			productReference = FA2E5B6C2EB453700094C2AC /* TCASample.app */;
			productType = "com.apple.product-type.application";
		};
		FAB31A832EC0904200837A99 /* TCASampleTests */ = {
			isa = PBXNativeTarget;
			buildConfigurationList = FAB31A8A2EC0904200837A99 /* Build configuration list for PBXNativeTarget "TCASampleTests" */;
			buildPhases = (
				FAB31A802EC0904200837A99 /* Sources */,
				FAB31A812EC0904200837A99 /* Frameworks */,
				FAB31A822EC0904200837A99 /* Resources */,
			);
			buildRules = (
			);
			dependencies = (
				FAB31A892EC0904200837A99 /* PBXTargetDependency */,
			);
			name = TCASampleTests;
			packageProductDependencies = (
			);
			productName = TCASampleTests;
			productReference = FAB31A842EC0904200837A99 /* TCASampleTests.xctest */;
			productType = "com.apple.product-type.bundle.unit-test";
		};
/* End PBXNativeTarget section */

/* Begin PBXProject section */
		FA2E5B642EB453700094C2AC /* Project object */ = {
			isa = PBXProject;
			attributes = {
				BuildIndependentTargetsInParallel = 1;
				LastSwiftUpdateCheck = 2610;
				LastUpgradeCheck = 2600;
				TargetAttributes = {
					FA2E5B6B2EB453700094C2AC = {
						CreatedOnToolsVersion = 26.0.1;
					};
					FAB31A832EC0904200837A99 = {
						CreatedOnToolsVersion = 26.1;
						TestTargetID = FA2E5B6B2EB453700094C2AC;
					};
				};
			};
			buildConfigurationList = FA2E5B672EB453700094C2AC /* Build configuration list for PBXProject "TCASample" */;
			developmentRegion = en;
			hasScannedForEncodings = 0;
			knownRegions = (
				en,
				Base,
			);
			mainGroup = FA2E5B632EB453700094C2AC;
			minimizedProjectReferenceProxies = 1;
			packageReferences = (
				FAB31A7D2EBF41A300837A99 /* XCRemoteSwiftPackageReference "swift-composable-architecture" */,
				FACB7FEF2EC9C01B00457807 /* XCRemoteSwiftPackageReference "swift-tagged" */,
			);
			preferredProjectObjectVersion = 77;
			productRefGroup = FA2E5B6D2EB453700094C2AC /* Products */;
			projectDirPath = "";
			projectRoot = "";
			targets = (
				FA2E5B6B2EB453700094C2AC /* TCASample */,
				FAB31A832EC0904200837A99 /* TCASampleTests */,
			);
		};
/* End PBXProject section */

/* Begin PBXResourcesBuildPhase section */
		FA2E5B6A2EB453700094C2AC /* Resources */ = {
			isa = PBXResourcesBuildPhase;
			buildActionMask = 2147483647;
			files = (
				FA2B5CA52EB85D8A006CCAB8 /* Assets.xcassets in Resources */,
			);
			runOnlyForDeploymentPostprocessing = 0;
		};
		FAB31A822EC0904200837A99 /* Resources */ = {
			isa = PBXResourcesBuildPhase;
			buildActionMask = 2147483647;
			files = (
			);
			runOnlyForDeploymentPostprocessing = 0;
		};
/* End PBXResourcesBuildPhase section */

/* Begin PBXSourcesBuildPhase section */
		FA2E5B682EB453700094C2AC /* Sources */ = {
			isa = PBXSourcesBuildPhase;
			buildActionMask = 2147483647;
			files = (
				FA07F31E2F00CFA500B1633A /* TwoFactorView.swift in Sources */,
				FAB31A752EBF36D500837A99 /* Todos.swift in Sources */,
				FA07F3292F01070F00B1633A /* Three.swift in Sources */,
				FA07F3232F00DD7900B1633A /* Game.swift in Sources */,
				FA512AA62ED5B9FD0060B995 /* Meeting.swift in Sources */,
				FA07F3272F0104A600B1633A /* GameView.swift in Sources */,
				FA07F31C2EFCDC7200B1633A /* TwoFactorCore.swift in Sources */,
				FAEE47EB2ED1DE9E00FBD3E0 /* SyncUpForm.swift in Sources */,
				FAE700DD2EF7AFC000334992 /* WeatherClient.swift in Sources */,
				FA07F31A2EFCCD7100B1633A /* AuthenticationClient.swift in Sources */,
				FA07F3172EFAE30500B1633A /* LoginView.swift in Sources */,
				FACB7FEA2EC9B5E300457807 /* SyncUpsList.swift in Sources */,
				FA07F3212F00DCED00B1633A /* NewGame.swift in Sources */,
				FAE700E02EF7E94C00334992 /* TicTacToeAppView.swift in Sources */,
				FAEE47EE2ED4569900FBD3E0 /* SpeechRecognizer.swift in Sources */,
				FA2B5CA62EB85D8A006CCAB8 /* ContentView.swift in Sources */,
				FAE700E52EF7EA8100334992 /* Login.swift in Sources */,
				FACB7FEC2EC9BE0D00457807 /* SyncUpDetail.swift in Sources */,
				FA2B5CA72EB85D8A006CCAB8 /* CounterView.swift in Sources */,
				FACB7FE82EC9B4C800457807 /* SyncUp.swift in Sources */,
				FAE700DB2EF7A81500334992 /* Search.swift in Sources */,
				FACB7FEE2EC9BF1000457807 /* Models.swift in Sources */,
				FA07F3252F00FFD800B1633A /* NewGameView.swift in Sources */,
				FAB31A7A2EBF385400837A99 /* Todo.swift in Sources */,
				FA33012A2EE40C4B0059421A /* OpenSettings.swift in Sources */,
				FACB7FFC2ECB682800457807 /* Settings.swift in Sources */,
				FA512AA82ED5E5E10060B995 /* RecordMeeting.swift in Sources */,
				FAE700E22EF7E95D00334992 /* TicTacToeFeature.swift in Sources */,
				FACB7FFA2EC9F0FE00457807 /* Detail.swift in Sources */,
				FA2B5CA92EB85D8A006CCAB8 /* TCASampleApp.swift in Sources */,
				FACB7FF82EC9EE4200457807 /* Root.swift in Sources */,
			);
			runOnlyForDeploymentPostprocessing = 0;
		};
		FAB31A802EC0904200837A99 /* Sources */ = {
			isa = PBXSourcesBuildPhase;
			buildActionMask = 2147483647;
			files = (
				FA7403432EF3761C00B37EA8 /* RecordMeetingTests.swift in Sources */,
				FACB7FE52EC9886B00457807 /* TodosTests.swift in Sources */,
				FA28758B2EED53B5009CB091 /* SyncUpsListTests.swift in Sources */,
				FA28758D2EF01767009CB091 /* SyncUpDetailTests.swift in Sources */,
				FAFA30352EF29301007550A7 /* SyncUpFormTests.swift in Sources */,
				FAF54C922F07D68C001558E0 /* GameTests.swift in Sources */,
				FA07F32E2F03964700B1633A /* TicTacToeFeatureTests.swift in Sources */,
				FAF54C902F07CFAB001558E0 /* NewGameTests.swift in Sources */,
				FAF54C8E2F079D9D001558E0 /* TwoFactorTests.swift in Sources */,
				FA3301372EE435A30059421A /* SyncUpTests.swift in Sources */,
				FAF54C8C2F0794C5001558E0 /* LoginTests.swift in Sources */,
			);
			runOnlyForDeploymentPostprocessing = 0;
		};
/* End PBXSourcesBuildPhase section */

/* Begin PBXTargetDependency section */
		FAB31A892EC0904200837A99 /* PBXTargetDependency */ = {
			isa = PBXTargetDependency;
			target = FA2E5B6B2EB453700094C2AC /* TCASample */;
			targetProxy = FAB31A882EC0904200837A99 /* PBXContainerItemProxy */;
		};
/* End PBXTargetDependency section */

/* Begin XCBuildConfiguration section */
		FA2E5B752EB453720094C2AC /* Debug */ = {
			isa = XCBuildConfiguration;
			buildSettings = {
				ALWAYS_SEARCH_USER_PATHS = NO;
				ASSETCATALOG_COMPILER_GENERATE_SWIFT_ASSET_SYMBOL_EXTENSIONS = YES;
				CLANG_ANALYZER_NONNULL = YES;
				CLANG_ANALYZER_NUMBER_OBJECT_CONVERSION = YES_AGGRESSIVE;
				CLANG_CXX_LANGUAGE_STANDARD = "gnu++20";
				CLANG_ENABLE_MODULES = YES;
				CLANG_ENABLE_OBJC_ARC = YES;
				CLANG_ENABLE_OBJC_WEAK = YES;
				CLANG_WARN_BLOCK_CAPTURE_AUTORELEASING = YES;
				CLANG_WARN_BOOL_CONVERSION = YES;
				CLANG_WARN_COMMA = YES;
				CLANG_WARN_CONSTANT_CONVERSION = YES;
				CLANG_WARN_DEPRECATED_OBJC_IMPLEMENTATIONS = YES;
				CLANG_WARN_DIRECT_OBJC_ISA_USAGE = YES_ERROR;
				CLANG_WARN_DOCUMENTATION_COMMENTS = YES;
				CLANG_WARN_EMPTY_BODY = YES;
				CLANG_WARN_ENUM_CONVERSION = YES;
				CLANG_WARN_INFINITE_RECURSION = YES;
				CLANG_WARN_INT_CONVERSION = YES;
				CLANG_WARN_NON_LITERAL_NULL_CONVERSION = YES;
				CLANG_WARN_OBJC_IMPLICIT_RETAIN_SELF = YES;
				CLANG_WARN_OBJC_LITERAL_CONVERSION = YES;
				CLANG_WARN_OBJC_ROOT_CLASS = YES_ERROR;
				CLANG_WARN_QUOTED_INCLUDE_IN_FRAMEWORK_HEADER = YES;
				CLANG_WARN_RANGE_LOOP_ANALYSIS = YES;
				CLANG_WARN_STRICT_PROTOTYPES = YES;
				CLANG_WARN_SUSPICIOUS_MOVE = YES;
				CLANG_WARN_UNGUARDED_AVAILABILITY = YES_AGGRESSIVE;
				CLANG_WARN_UNREACHABLE_CODE = YES;
				CLANG_WARN__DUPLICATE_METHOD_MATCH = YES;
				COPY_PHASE_STRIP = NO;
				DEBUG_INFORMATION_FORMAT = dwarf;
				ENABLE_STRICT_OBJC_MSGSEND = YES;
				ENABLE_TESTABILITY = YES;
				ENABLE_USER_SCRIPT_SANDBOXING = YES;
				GCC_C_LANGUAGE_STANDARD = gnu17;
				GCC_DYNAMIC_NO_PIC = NO;
				GCC_NO_COMMON_BLOCKS = YES;
				GCC_OPTIMIZATION_LEVEL = 0;
				GCC_PREPROCESSOR_DEFINITIONS = (
					"DEBUG=1",
					"$(inherited)",
				);
				GCC_WARN_64_TO_32_BIT_CONVERSION = YES;
				GCC_WARN_ABOUT_RETURN_TYPE = YES_ERROR;
				GCC_WARN_UNDECLARED_SELECTOR = YES;
				GCC_WARN_UNINITIALIZED_AUTOS = YES_AGGRESSIVE;
				GCC_WARN_UNUSED_FUNCTION = YES;
				GCC_WARN_UNUSED_VARIABLE = YES;
				IPHONEOS_DEPLOYMENT_TARGET = 26.0;
				LOCALIZATION_PREFERS_STRING_CATALOGS = YES;
				MTL_ENABLE_DEBUG_INFO = INCLUDE_SOURCE;
				MTL_FAST_MATH = YES;
				ONLY_ACTIVE_ARCH = YES;
				SDKROOT = iphoneos;
				SWIFT_ACTIVE_COMPILATION_CONDITIONS = "DEBUG $(inherited)";
				SWIFT_OPTIMIZATION_LEVEL = "-Onone";
				SWIFT_STRICT_CONCURRENCY = complete;
				SWIFT_VERSION = 5.0;
			};
			name = Debug;
		};
		FA2E5B762EB453720094C2AC /* Release */ = {
			isa = XCBuildConfiguration;
			buildSettings = {
				ALWAYS_SEARCH_USER_PATHS = NO;
				ASSETCATALOG_COMPILER_GENERATE_SWIFT_ASSET_SYMBOL_EXTENSIONS = YES;
				CLANG_ANALYZER_NONNULL = YES;
				CLANG_ANALYZER_NUMBER_OBJECT_CONVERSION = YES_AGGRESSIVE;
				CLANG_CXX_LANGUAGE_STANDARD = "gnu++20";
				CLANG_ENABLE_MODULES = YES;
				CLANG_ENABLE_OBJC_ARC = YES;
				CLANG_ENABLE_OBJC_WEAK = YES;
				CLANG_WARN_BLOCK_CAPTURE_AUTORELEASING = YES;
				CLANG_WARN_BOOL_CONVERSION = YES;
				CLANG_WARN_COMMA = YES;
				CLANG_WARN_CONSTANT_CONVERSION = YES;
				CLANG_WARN_DEPRECATED_OBJC_IMPLEMENTATIONS = YES;
				CLANG_WARN_DIRECT_OBJC_ISA_USAGE = YES_ERROR;
				CLANG_WARN_DOCUMENTATION_COMMENTS = YES;
				CLANG_WARN_EMPTY_BODY = YES;
				CLANG_WARN_ENUM_CONVERSION = YES;
				CLANG_WARN_INFINITE_RECURSION = YES;
				CLANG_WARN_INT_CONVERSION = YES;
				CLANG_WARN_NON_LITERAL_NULL_CONVERSION = YES;
				CLANG_WARN_OBJC_IMPLICIT_RETAIN_SELF = YES;
				CLANG_WARN_OBJC_LITERAL_CONVERSION = YES;
				CLANG_WARN_OBJC_ROOT_CLASS = YES_ERROR;
				CLANG_WARN_QUOTED_INCLUDE_IN_FRAMEWORK_HEADER = YES;
				CLANG_WARN_RANGE_LOOP_ANALYSIS = YES;
				CLANG_WARN_STRICT_PROTOTYPES = YES;
				CLANG_WARN_SUSPICIOUS_MOVE = YES;
				CLANG_WARN_UNGUARDED_AVAILABILITY = YES_AGGRESSIVE;
				CLANG_WARN_UNREACHABLE_CODE = YES;
				CLANG_WARN__DUPLICATE_METHOD_MATCH = YES;
				COPY_PHASE_STRIP = NO;
				DEBUG_INFORMATION_FORMAT = "dwarf-with-dsym";
				ENABLE_NS_ASSERTIONS = NO;
				ENABLE_STRICT_OBJC_MSGSEND = YES;
				ENABLE_USER_SCRIPT_SANDBOXING = YES;
				GCC_C_LANGUAGE_STANDARD = gnu17;
				GCC_NO_COMMON_BLOCKS = YES;
				GCC_WARN_64_TO_32_BIT_CONVERSION = YES;
				GCC_WARN_ABOUT_RETURN_TYPE = YES_ERROR;
				GCC_WARN_UNDECLARED_SELECTOR = YES;
				GCC_WARN_UNINITIALIZED_AUTOS = YES_AGGRESSIVE;
				GCC_WARN_UNUSED_FUNCTION = YES;
				GCC_WARN_UNUSED_VARIABLE = YES;
				IPHONEOS_DEPLOYMENT_TARGET = 26.0;
				LOCALIZATION_PREFERS_STRING_CATALOGS = YES;
				MTL_ENABLE_DEBUG_INFO = NO;
				MTL_FAST_MATH = YES;
				SDKROOT = iphoneos;
				SWIFT_COMPILATION_MODE = wholemodule;
				SWIFT_STRICT_CONCURRENCY = complete;
				SWIFT_VERSION = 5.0;
				VALIDATE_PRODUCT = YES;
			};
			name = Release;
		};
		FA2E5B782EB453720094C2AC /* Debug */ = {
			isa = XCBuildConfiguration;
			buildSettings = {
				ASSETCATALOG_COMPILER_APPICON_NAME = AppIcon;
				ASSETCATALOG_COMPILER_GLOBAL_ACCENT_COLOR_NAME = AccentColor;
				CODE_SIGN_STYLE = Automatic;
				CURRENT_PROJECT_VERSION = 1;
				DEVELOPMENT_TEAM = WXXH24N45W;
				ENABLE_PREVIEWS = YES;
				GENERATE_INFOPLIST_FILE = YES;
				INFOPLIST_KEY_NSSpeechRecognitionUsageDescription = "To transcribe meeting notes.";
				INFOPLIST_KEY_UIApplicationSceneManifest_Generation = YES;
				INFOPLIST_KEY_UIApplicationSupportsIndirectInputEvents = YES;
				INFOPLIST_KEY_UILaunchScreen_Generation = YES;
				INFOPLIST_KEY_UISupportedInterfaceOrientations_iPad = "UIInterfaceOrientationPortrait UIInterfaceOrientationPortraitUpsideDown UIInterfaceOrientationLandscapeLeft UIInterfaceOrientationLandscapeRight";
				INFOPLIST_KEY_UISupportedInterfaceOrientations_iPhone = "UIInterfaceOrientationPortrait UIInterfaceOrientationLandscapeLeft UIInterfaceOrientationLandscapeRight";
				IPHONEOS_DEPLOYMENT_TARGET = 26.0;
				LD_RUNPATH_SEARCH_PATHS = (
					"$(inherited)",
					"@executable_path/Frameworks",
				);
				MARKETING_VERSION = 1.0;
				OTHER_SWIFT_FLAGS = "";
				PRODUCT_BUNDLE_IDENTIFIER = com.boardguyvision.TCASample;
				PRODUCT_NAME = "$(TARGET_NAME)";
				STRING_CATALOG_GENERATE_SYMBOLS = YES;
				SWIFT_APPROACHABLE_CONCURRENCY = YES;
				SWIFT_DEFAULT_ACTOR_ISOLATION = MainActor;
				SWIFT_EMIT_LOC_STRINGS = YES;
				SWIFT_UPCOMING_FEATURE_MEMBER_IMPORT_VISIBILITY = YES;
				SWIFT_VERSION = 5.0;
				TARGETED_DEVICE_FAMILY = "1,2";
			};
			name = Debug;
		};
		FA2E5B792EB453720094C2AC /* Release */ = {
			isa = XCBuildConfiguration;
			buildSettings = {
				ASSETCATALOG_COMPILER_APPICON_NAME = AppIcon;
				ASSETCATALOG_COMPILER_GLOBAL_ACCENT_COLOR_NAME = AccentColor;
				CODE_SIGN_STYLE = Automatic;
				CURRENT_PROJECT_VERSION = 1;
				DEVELOPMENT_TEAM = WXXH24N45W;
				ENABLE_PREVIEWS = YES;
				GENERATE_INFOPLIST_FILE = YES;
				INFOPLIST_KEY_NSSpeechRecognitionUsageDescription = "To transcribe meeting notes.";
				INFOPLIST_KEY_UIApplicationSceneManifest_Generation = YES;
				INFOPLIST_KEY_UIApplicationSupportsIndirectInputEvents = YES;
				INFOPLIST_KEY_UILaunchScreen_Generation = YES;
				INFOPLIST_KEY_UISupportedInterfaceOrientations_iPad = "UIInterfaceOrientationPortrait UIInterfaceOrientationPortraitUpsideDown UIInterfaceOrientationLandscapeLeft UIInterfaceOrientationLandscapeRight";
				INFOPLIST_KEY_UISupportedInterfaceOrientations_iPhone = "UIInterfaceOrientationPortrait UIInterfaceOrientationLandscapeLeft UIInterfaceOrientationLandscapeRight";
				IPHONEOS_DEPLOYMENT_TARGET = 26.0;
				LD_RUNPATH_SEARCH_PATHS = (
					"$(inherited)",
					"@executable_path/Frameworks",
				);
				MARKETING_VERSION = 1.0;
				OTHER_SWIFT_FLAGS = "";
				PRODUCT_BUNDLE_IDENTIFIER = com.boardguyvision.TCASample;
				PRODUCT_NAME = "$(TARGET_NAME)";
				STRING_CATALOG_GENERATE_SYMBOLS = YES;
				SWIFT_APPROACHABLE_CONCURRENCY = YES;
				SWIFT_DEFAULT_ACTOR_ISOLATION = MainActor;
				SWIFT_EMIT_LOC_STRINGS = YES;
				SWIFT_UPCOMING_FEATURE_MEMBER_IMPORT_VISIBILITY = YES;
				SWIFT_VERSION = 5.0;
				TARGETED_DEVICE_FAMILY = "1,2";
			};
			name = Release;
		};
		FAB31A8B2EC0904200837A99 /* Debug */ = {
			isa = XCBuildConfiguration;
			buildSettings = {
				BUNDLE_LOADER = "$(TEST_HOST)";
				CODE_SIGN_STYLE = Automatic;
				CURRENT_PROJECT_VERSION = 1;
				DEVELOPMENT_TEAM = WXXH24N45W;
				GENERATE_INFOPLIST_FILE = YES;
				IPHONEOS_DEPLOYMENT_TARGET = 26.0;
				MARKETING_VERSION = 1.0;
				PRODUCT_BUNDLE_IDENTIFIER = com.boardguyvision.TCASampleTests;
				PRODUCT_NAME = "$(TARGET_NAME)";
				STRING_CATALOG_GENERATE_SYMBOLS = NO;
				SWIFT_APPROACHABLE_CONCURRENCY = YES;
				SWIFT_EMIT_LOC_STRINGS = NO;
				SWIFT_UPCOMING_FEATURE_MEMBER_IMPORT_VISIBILITY = YES;
				SWIFT_VERSION = 5.0;
				TARGETED_DEVICE_FAMILY = "1,2";
				TEST_HOST = "$(BUILT_PRODUCTS_DIR)/TCASample.app/$(BUNDLE_EXECUTABLE_FOLDER_PATH)/TCASample";
			};
			name = Debug;
		};
		FAB31A8C2EC0904200837A99 /* Release */ = {
			isa = XCBuildConfiguration;
			buildSettings = {
				BUNDLE_LOADER = "$(TEST_HOST)";
				CODE_SIGN_STYLE = Automatic;
				CURRENT_PROJECT_VERSION = 1;
				DEVELOPMENT_TEAM = WXXH24N45W;
				GENERATE_INFOPLIST_FILE = YES;
				IPHONEOS_DEPLOYMENT_TARGET = 26.0;
				MARKETING_VERSION = 1.0;
				PRODUCT_BUNDLE_IDENTIFIER = com.boardguyvision.TCASampleTests;
				PRODUCT_NAME = "$(TARGET_NAME)";
				STRING_CATALOG_GENERATE_SYMBOLS = NO;
				SWIFT_APPROACHABLE_CONCURRENCY = YES;
				SWIFT_EMIT_LOC_STRINGS = NO;
				SWIFT_UPCOMING_FEATURE_MEMBER_IMPORT_VISIBILITY = YES;
				SWIFT_VERSION = 5.0;
				TARGETED_DEVICE_FAMILY = "1,2";
				TEST_HOST = "$(BUILT_PRODUCTS_DIR)/TCASample.app/$(BUNDLE_EXECUTABLE_FOLDER_PATH)/TCASample";
			};
			name = Release;
		};
/* End XCBuildConfiguration section */

/* Begin XCConfigurationList section */
		FA2E5B672EB453700094C2AC /* Build configuration list for PBXProject "TCASample" */ = {
			isa = XCConfigurationList;
			buildConfigurations = (
				FA2E5B752EB453720094C2AC /* Debug */,
				FA2E5B762EB453720094C2AC /* Release */,
			);
			defaultConfigurationIsVisible = 0;
			defaultConfigurationName = Release;
		};
		FA2E5B772EB453720094C2AC /* Build configuration list for PBXNativeTarget "TCASample" */ = {
			isa = XCConfigurationList;
			buildConfigurations = (
				FA2E5B782EB453720094C2AC /* Debug */,
				FA2E5B792EB453720094C2AC /* Release */,
			);
			defaultConfigurationIsVisible = 0;
			defaultConfigurationName = Release;
		};
		FAB31A8A2EC0904200837A99 /* Build configuration list for PBXNativeTarget "TCASampleTests" */ = {
			isa = XCConfigurationList;
			buildConfigurations = (
				FAB31A8B2EC0904200837A99 /* Debug */,
				FAB31A8C2EC0904200837A99 /* Release */,
			);
			defaultConfigurationIsVisible = 0;
			defaultConfigurationName = Release;
		};
/* End XCConfigurationList section */

/* Begin XCRemoteSwiftPackageReference section */
		FAB31A7D2EBF41A300837A99 /* XCRemoteSwiftPackageReference "swift-composable-architecture" */ = {
			isa = XCRemoteSwiftPackageReference;
			repositoryURL = "https://github.com/pointfreeco/swift-composable-architecture";
			requirement = {
				kind = upToNextMajorVersion;
				minimumVersion = 1.23.1;
			};
		};
		FACB7FEF2EC9C01B00457807 /* XCRemoteSwiftPackageReference "swift-tagged" */ = {
			isa = XCRemoteSwiftPackageReference;
			repositoryURL = "https://github.com/pointfreeco/swift-tagged.git";
			requirement = {
				kind = upToNextMajorVersion;
				minimumVersion = 0.10.0;
			};
		};
/* End XCRemoteSwiftPackageReference section */

/* Begin XCSwiftPackageProductDependency section */
		FAB31A7E2EBF41A300837A99 /* ComposableArchitecture */ = {
			isa = XCSwiftPackageProductDependency;
			package = FAB31A7D2EBF41A300837A99 /* XCRemoteSwiftPackageReference "swift-composable-architecture" */;
			productName = ComposableArchitecture;
		};
		FACB7FF12EC9C03700457807 /* Tagged */ = {
			isa = XCSwiftPackageProductDependency;
			package = FACB7FEF2EC9C01B00457807 /* XCRemoteSwiftPackageReference "swift-tagged" */;
			productName = Tagged;
		};
/* End XCSwiftPackageProductDependency section */
	};
	rootObject = FA2E5B642EB453700094C2AC /* Project object */;
}
